
Microsoft Visual Studio Solution File, Format Version 12.00
# Visual Studio Version 17
VisualStudioVersion = 17.5.002.0
MinimumVisualStudioVersion = 10.0.40219.1
Project("{9A19103F-16F7-4668-BE54-9A1E7A4F7556}") = "Exam 2", "Exam 2.csproj", "{84AF56FE-4E42-4091-A23E-E1CB0ED9093C}"
EndProject
Global
	GlobalSection(SolutionConfigurationPlatforms) = preSolution
		Debug|Any CPU = Debug|Any CPU
		Release|Any CPU = Release|Any CPU
	EndGlobalSection
	GlobalSection(ProjectConfigurationPlatforms) = postSolution
		{84AF56FE-4E42-4091-A23E-E1CB0ED9093C}.Debug|Any CPU.ActiveCfg = Debug|Any CPU
		{84AF56FE-4E42-4091-A23E-E1CB0ED9093C}.Debug|Any CPU.Build.0 = Debug|Any CPU
		{84AF56FE-4E42-4091-A23E-E1CB0ED9093C}.Release|Any CPU.ActiveCfg = Release|Any CPU
		{84AF56FE-4E42-4091-A23E-E1CB0ED9093C}.Release|Any CPU.Build.0 = Release|Any CPU
	EndGlobalSection
	GlobalSection(SolutionProperties) = preSolution
		HideSolutionNode = FALSE
	EndGlobalSection
	GlobalSection(ExtensibilityGlobals) = postSolution
		SolutionGuid = {192473DC-DAE2-4A42-AB54-1463BD5DF0A5}
	EndGlobalSection
EndGlobal
